
Microsoft Visual Studio Solution File, Format Version 12.00
# Visual Studio Version 16
VisualStudioVersion = 16.0.31321.278
MinimumVisualStudioVersion = 10.0.40219.1
Project("{FAE04EC0-301F-11D3-BF4B-00C04F79EFBC}") = "ControleEstoqueWeb", "ControleEstoqueWeb\ControleEstoqueWeb.csproj", "{3019A453-7498-41B6-9F04-C163AC01913A}"
EndProject
Global
	GlobalSection(SolutionConfigurationPlatforms) = preSolution
		Debug|Any CPU = Debug|Any CPU
		Release|Any CPU = Release|Any CPU
	EndGlobalSection
	GlobalSection(ProjectConfigurationPlatforms) = postSolution
		{3019A453-7498-41B6-9F04-C163AC01913A}.Debug|Any CPU.ActiveCfg = Debug|Any CPU
		{3019A453-7498-41B6-9F04-C163AC01913A}.Debug|Any CPU.Build.0 = Debug|Any CPU
		{3019A453-7498-41B6-9F04-C163AC01913A}.Release|Any CPU.ActiveCfg = Release|Any CPU
		{3019A453-7498-41B6-9F04-C163AC01913A}.Release|Any CPU.Build.0 = Release|Any CPU
	EndGlobalSection
	GlobalSection(SolutionProperties) = preSolution
		HideSolutionNode = FALSE
	EndGlobalSection
	GlobalSection(ExtensibilityGlobals) = postSolution
		SolutionGuid = {94EF37A4-9D28-4174-B2DD-0444CF1B3DFF}
	EndGlobalSection
EndGlobal
